
Microsoft Visual Studio Solution File, Format Version 12.00
# Visual Studio Version 16
VisualStudioVersion = 16.0.31515.178
MinimumVisualStudioVersion = 10.0.40219.1
Project("{FAE04EC0-301F-11D3-BF4B-00C04F79EFBC}") = "LinqSQLFarmacia", "LinqSQLFarmacia\LinqSQLFarmacia.csproj", "{4A3C6701-9FE3-4F69-8533-82D21C8E3753}"
EndProject
Global
	GlobalSection(SolutionConfigurationPlatforms) = preSolution
		Debug|Any CPU = Debug|Any CPU
		Release|Any CPU = Release|Any CPU
	EndGlobalSection
	GlobalSection(ProjectConfigurationPlatforms) = postSolution
		{4A3C6701-9FE3-4F69-8533-82D21C8E3753}.Debug|Any CPU.ActiveCfg = Debug|Any CPU
		{4A3C6701-9FE3-4F69-8533-82D21C8E3753}.Debug|Any CPU.Build.0 = Debug|Any CPU
		{4A3C6701-9FE3-4F69-8533-82D21C8E3753}.Release|Any CPU.ActiveCfg = Release|Any CPU
		{4A3C6701-9FE3-4F69-8533-82D21C8E3753}.Release|Any CPU.Build.0 = Release|Any CPU
	EndGlobalSection
	GlobalSection(SolutionProperties) = preSolution
		HideSolutionNode = FALSE
	EndGlobalSection
	GlobalSection(ExtensibilityGlobals) = postSolution
		SolutionGuid = {448FADD0-FEFA-4658-8358-0D1B6F9D54AB}
	EndGlobalSection
EndGlobal
